Microsoft Visual Studio Solution File, Format Version 12.00
# Visual Studio 2012
Project("{FAE04EC0-301F-11D3-BF4B-00C04F79EFBC}") = "Runner", "Runner.csproj", "{169929A0-54B4-4F1C-9861-E2EB114DA2CA}"
EndProject
Global
	GlobalSection(SolutionConfigurationPlatforms) = preSolution
	Debug|Any CPU = Debug|Any CPU
	ExportDebug|Any CPU = ExportDebug|Any CPU
	ExportRelease|Any CPU = ExportRelease|Any CPU
	EndGlobalSection
	GlobalSection(ProjectConfigurationPlatforms) = postSolution
		{169929A0-54B4-4F1C-9861-E2EB114DA2CA}.Debug|Any CPU.ActiveCfg = Debug|Any CPU
		{169929A0-54B4-4F1C-9861-E2EB114DA2CA}.Debug|Any CPU.Build.0 = Debug|Any CPU
		{169929A0-54B4-4F1C-9861-E2EB114DA2CA}.ExportDebug|Any CPU.ActiveCfg = ExportDebug|Any CPU
		{169929A0-54B4-4F1C-9861-E2EB114DA2CA}.ExportDebug|Any CPU.Build.0 = ExportDebug|Any CPU
		{169929A0-54B4-4F1C-9861-E2EB114DA2CA}.ExportRelease|Any CPU.ActiveCfg = ExportRelease|Any CPU
		{169929A0-54B4-4F1C-9861-E2EB114DA2CA}.ExportRelease|Any CPU.Build.0 = ExportRelease|Any CPU
	EndGlobalSection
EndGlobal
